
Microsoft Visual Studio Solution File, Format Version 12.00
# Visual Studio Version 17
VisualStudioVersion = 17.1.32228.430
MinimumVisualStudioVersion = 10.0.40219.1
Project("{8BC9CEB8-8B4A-11D0-8D11-00A0C91BC942}") = "Project1", "Project1\Project1.vcxproj", "{BB9D06BB-5D4A-421C-97E3-E229295A24BB}"
EndProject
Global
	GlobalSection(SolutionConfigurationPlatforms) = preSolution
		Debug|x64 = Debug|x64
		Debug|x86 = Debug|x86
		Release|x64 = Release|x64
		Release|x86 = Release|x86
	EndGlobalSection
	GlobalSection(ProjectConfigurationPlatforms) = postSolution
		{BB9D06BB-5D4A-421C-97E3-E229295A24BB}.Debug|x64.ActiveCfg = Debug|x64
		{BB9D06BB-5D4A-421C-97E3-E229295A24BB}.Debug|x64.Build.0 = Debug|x64
		{BB9D06BB-5D4A-421C-97E3-E229295A24BB}.Debug|x86.ActiveCfg = Debug|Win32
		{BB9D06BB-5D4A-421C-97E3-E229295A24BB}.Debug|x86.Build.0 = Debug|Win32
		{BB9D06BB-5D4A-421C-97E3-E229295A24BB}.Release|x64.ActiveCfg = Release|x64
		{BB9D06BB-5D4A-421C-97E3-E229295A24BB}.Release|x64.Build.0 = Release|x64
		{BB9D06BB-5D4A-421C-97E3-E229295A24BB}.Release|x86.ActiveCfg = Release|Win32
		{BB9D06BB-5D4A-421C-97E3-E229295A24BB}.Release|x86.Build.0 = Release|Win32
	EndGlobalSection
	GlobalSection(SolutionProperties) = preSolution
		HideSolutionNode = FALSE
	EndGlobalSection
	GlobalSection(ExtensibilityGlobals) = postSolution
		SolutionGuid = {D4B46447-34F0-46DA-81B5-224C30E094C9}
	EndGlobalSection
EndGlobal
